
Microsoft Visual Studio Solution File, Format Version 12.00
# Visual Studio Version 17
VisualStudioVersion = 17.2.32630.192
MinimumVisualStudioVersion = 10.0.40219.1
Project("{FAE04EC0-301F-11D3-BF4B-00C04F79EFBC}") = "proiectPAW_dictionar", "proiectPAW_dictionar\proiectPAW_dictionar.csproj", "{D59A2F5F-1EE9-4861-8AFE-A5E9C4B74F28}"
EndProject
Global
	GlobalSection(SolutionConfigurationPlatforms) = preSolution
		Debug|Any CPU = Debug|Any CPU
		Release|Any CPU = Release|Any CPU
	EndGlobalSection
	GlobalSection(ProjectConfigurationPlatforms) = postSolution
		{D59A2F5F-1EE9-4861-8AFE-A5E9C4B74F28}.Debug|Any CPU.ActiveCfg = Debug|Any CPU
		{D59A2F5F-1EE9-4861-8AFE-A5E9C4B74F28}.Debug|Any CPU.Build.0 = Debug|Any CPU
		{D59A2F5F-1EE9-4861-8AFE-A5E9C4B74F28}.Release|Any CPU.ActiveCfg = Release|Any CPU
		{D59A2F5F-1EE9-4861-8AFE-A5E9C4B74F28}.Release|Any CPU.Build.0 = Release|Any CPU
	EndGlobalSection
	GlobalSection(SolutionProperties) = preSolution
		HideSolutionNode = FALSE
	EndGlobalSection
	GlobalSection(ExtensibilityGlobals) = postSolution
		SolutionGuid = {BB925AD8-87A2-414D-90B6-60DEDEC491C0}
	EndGlobalSection
EndGlobal
